# This file is @generated by PDM.
# It is not intended for manual editing.

[[package]]
name = "duckdb"
version = "0.8.0"
summary = "DuckDB embedded database"

[[package]]
name = "numpy"
version = "1.24.3"
requires_python = ">=3.8"
summary = "Fundamental package for array computing in Python"

[[package]]
name = "pyarrow"
version = "12.0.0"
requires_python = ">=3.7"
summary = "Python library for Apache Arrow"
dependencies = [
    "numpy>=1.16.6",
]

[metadata]
lock_version = "4.2"
groups = ["default"]
content_hash = "sha256:70a7ee590e76578e657dc2ac903f95ac5b90277926f2fbe405be08937d93d7a3"

[metadata.files]
"duckdb 0.8.0" = [
    {url = "https://files.pythonhosted.org/packages/05/1a/fcd502b83dde6110d97322559ab456f9423fd4de697f3b24325d0fffe995/duckdb-0.8.0-cp36-cp36m-win32.whl", hash = "sha256:914896526f7caba86b170f2c4f17f11fd06540325deeb0000cb4fb24ec732966"},
    {url = "https://files.pythonhosted.org/packages/09/13/63d1dc90849c80dc8de2caae4bce126951c1bc692760aa9dfccc718db930/duckdb-0.8.0-cp37-cp37m-musllinux_1_1_x86_64.whl", hash = "sha256:5c6f6b2d8db56936f662c649539df81856b5a8cb769a31f9544edf18af2a11ff"},
    {url = "https://files.pythonhosted.org/packages/11/8f/8d1220476bac3e433fc195a485b9a00ca83f6d9376d84f4f11b9561e1f95/duckdb-0.8.0-cp38-cp38-win32.whl", hash = "sha256:73831c6d7aefcb5f4072cd677b9efebecbf6c578946d21710791e10a1fc41b9a"},
    {url = "https://files.pythonhosted.org/packages/12/45/43e200ace25610d26676feadc2c4e450ca4bc4324a4abcf2fccff2a25c39/duckdb-0.8.0-cp310-cp310-win32.whl", hash = "sha256:001f5102f45d3d67f389fa8520046c8f55a99e2c6d43b8e68b38ea93261c5395"},
    {url = "https://files.pythonhosted.org/packages/14/a0/16a80ff1fc1ca2cccfe9a1c70b9c1ee29b9d1ac00a5ad1e1bcfea9f0e9a7/duckdb-0.8.0-cp37-cp37m-win32.whl", hash = "sha256:0bd6376b40a512172eaf4aa816813b1b9d68994292ca436ce626ccd5f77f8184"},
    {url = "https://files.pythonhosted.org/packages/23/87/89c6643efa599a523cedf3e74f0f247d205990a9ca28e6190c900ef557cf/duckdb-0.8.0-cp311-cp311-manylinux_2_17_i686.manylinux2014_i686.whl", hash = "sha256:804cac261a5e016506a6d67838a65d19b06a237f7949f1704f0e800eb708286a"},
    {url = "https://files.pythonhosted.org/packages/32/d0/cee12b9d5fe4e2c76060c6777e1e01c05ccffd6d858ed3c091f409c240da/duckdb-0.8.0-cp39-cp39-win32.whl", hash = "sha256:f8610dfd21e90d7b04e8598b244bf3ad68599fd6ba0daad3428c03cbfd74dced"},
    {url = "https://files.pythonhosted.org/packages/38/48/0ab0ed29338fdfb61c48cb8b7b55d211b072ef2cd365bba910908bc60ed3/duckdb-0.8.0-cp310-cp310-manylinux_2_17_x86_64.manylinux2014_x86_64.whl", hash = "sha256:945165987ca87c097dc0e578dcf47a100cad77e1c29f5dd8443d53ce159dc22e"},
    {url = "https://files.pythonhosted.org/packages/3d/cf/86a42fcd90bc0a251541816e7fd4155d6892698e509c89815896c0cd1fc0/duckdb-0.8.0-cp39-cp39-macosx_10_9_x86_64.whl", hash = "sha256:351abb4cc2d229d043920c4bc2a4c29ca31a79fef7d7ef8f6011cf4331f297bf"},
    {url = "https://files.pythonhosted.org/packages/47/d2/61bcce110ee705935822c1d951d8a9f6b8d04e3683201a82b0b6c860f771/duckdb-0.8.0-cp310-cp310-musllinux_1_1_x86_64.whl", hash = "sha256:d5075fe1ff97ae62331ca5c61e3597e6e9f7682a6fdd418c23ba5c4873ed5cd1"},
    {url = "https://files.pythonhosted.org/packages/4c/91/9e5543205ce1b4197ade9bf5a83eb12b3e060aef911f0b21914aaba0759a/duckdb-0.8.0-cp38-cp38-macosx_11_0_arm64.whl", hash = "sha256:03dd08a4624d6b581a59f9f9dbfd34902416398d16795ad19f92361cf21fd9b5"},
    {url = "https://files.pythonhosted.org/packages/53/a7/fb34ed8b7b82b16533ba2051842451762d0b009cf07a8348610e42cfbfcb/duckdb-0.8.0-cp311-cp311-manylinux_2_17_x86_64.manylinux2014_x86_64.whl", hash = "sha256:c6b9abca7fa6713e1d031c18485343b4de99742c7e1b85c10718aa2f31a4e2c6"},
    {url = "https://files.pythonhosted.org/packages/5a/48/8ebae5350fee6eb8521fbfbd3f1b2e5f3a6f1605c268eb376e1565554376/duckdb-0.8.0-cp39-cp39-macosx_11_0_arm64.whl", hash = "sha256:568550a163aca6a787bef8313e358590254de3f4019025a8d68c3a61253fedc1"},
    {url = "https://files.pythonhosted.org/packages/5b/cf/cfe52aa425152639e733003431dadac1e12630724b01d299f862fe218a20/duckdb-0.8.0-cp38-cp38-manylinux_2_17_i686.manylinux2014_i686.whl", hash = "sha256:0c7c24ea0c9d8563dbd5ad49ccb54b7a9a3c7b8c2833d35e5d32a08549cacea5"},
    {url = "https://files.pythonhosted.org/packages/61/f8/7fcdde08e53083d6bcb3da1ef9263b924f466610e69d17b31c798e5b9662/duckdb-0.8.0-cp310-cp310-macosx_10_9_universal2.whl", hash = "sha256:6455aee00af30770c20f4a8c5e4347918cf59b578f49ee996a13807b12911871"},
    {url = "https://files.pythonhosted.org/packages/6c/1e/5a958f9b7e1adcdc0c9e4ca525b9a82f03f8d589f0c6fce1ab8c6544c73e/duckdb-0.8.0-cp38-cp38-macosx_10_9_universal2.whl", hash = "sha256:42e7853d963d68e72403ea208bcf806b0f28c7b44db0aa85ce49bb124d56c133"},
    {url = "https://files.pythonhosted.org/packages/6f/71/bdcc4e11decd5927f07cd9eb917168f6a8dbda77d6916d8504bc89d60fe3/duckdb-0.8.0.tar.gz", hash = "sha256:c68da35bab5072a64ada2646a5b343da620ddc75a7a6e84aa4a1e0628a7ec18f"},
    {url = "https://files.pythonhosted.org/packages/71/d3/f1c9f80b3114cf01f0f45719d111e272bff2a5c4d9d9209927058ce68954/duckdb-0.8.0-cp37-cp37m-musllinux_1_1_i686.whl", hash = "sha256:c83cfd2a868f1acb0692b9c3fd5ef1d7da8faa1348c6eabf421fbf5d8c2f3eb8"},
    {url = "https://files.pythonhosted.org/packages/7c/16/109a1be0052eba701f232a4dc44b494ba440d55c26d572c418562c4785a8/duckdb-0.8.0-cp37-cp37m-manylinux_2_17_i686.manylinux2014_i686.whl", hash = "sha256:a07c73c6e6a8cf4ce1a634625e0d1b17e5b817242a8a530d26ed84508dfbdc26"},
    {url = "https://files.pythonhosted.org/packages/7d/d3/274bd02f7132dede07083f73bfe1b11b2578ca167b0c2d29701238b6c756/duckdb-0.8.0-cp310-cp310-musllinux_1_1_i686.whl", hash = "sha256:673c60daf7ada1d9a8518286a6893ec45efabb64602954af5f3d98f42912fda6"},
    {url = "https://files.pythonhosted.org/packages/83/20/47c71d03ff168308e2b63159eab4ded0f9a29458c02c1ed8ceed94b5c620/duckdb-0.8.0-cp38-cp38-win_amd64.whl", hash = "sha256:faa36d2854734364d234f37d7ef4f3d763b73cd6b0f799cbc2a0e3b7e2575450"},
    {url = "https://files.pythonhosted.org/packages/85/22/4dcdaf1d38a3ef67057aa3e0cf97fb21a1b7c9cbbcb93219239b02f18f39/duckdb-0.8.0-cp310-cp310-manylinux_2_17_i686.manylinux2014_i686.whl", hash = "sha256:fe29e5343fa2a95f2cde4519a4f4533f4fd551a48d2d9a8ab5220d40ebf53610"},
    {url = "https://files.pythonhosted.org/packages/89/34/2088cced7fc0a1f6696185990d93edf944d7f3524924dbbf6109f253bcfc/duckdb-0.8.0-cp311-cp311-musllinux_1_1_i686.whl", hash = "sha256:51aa6d606d49072abcfeb3be209eb559ac94c1b5e70f58ac3adbb94aca9cd69f"},
    {url = "https://files.pythonhosted.org/packages/89/4c/bb4e90949f8cb67d98f6fb1aaf6f1b884d37e4ce567a216330bcb7f7a488/duckdb-0.8.0-cp311-cp311-win32.whl", hash = "sha256:c4207d18b42387c4a035846d8878eb967070198be8ac26fd77797ce320d1a400"},
    {url = "https://files.pythonhosted.org/packages/8f/cf/bcbdd1e9a635128f98ffc1982b30e827ee35eb9bee7b3097bdb4cbf03f46/duckdb-0.8.0-cp310-cp310-macosx_10_9_x86_64.whl", hash = "sha256:b8cf0622ae7f86d4ce72791f8928af4357a46824aadf1b6879c7936b3db65344"},
    {url = "https://files.pythonhosted.org/packages/92/0c/0ba6b36bd2a34f86830311145ab6982fbc2171c26482a3e6a4b8b5e328cf/duckdb-0.8.0-cp39-cp39-manylinux_2_17_x86_64.manylinux2014_x86_64.whl", hash = "sha256:d01c9be34d272532b75e8faedda0ff77fa76d1034cde60b8f5768ae85680d6d3"},
    {url = "https://files.pythonhosted.org/packages/98/0a/3887b8eee7b7a53bd0fb580523bdc467a18a392ab798db5ce7c67af43575/duckdb-0.8.0-cp37-cp37m-win_amd64.whl", hash = "sha256:931221885bcf1e7dfce2400f11fd048a7beef566b775f1453bb1db89b828e810"},
    {url = "https://files.pythonhosted.org/packages/9e/45/61c1089f797aa7b3168d1c2b55573a5880b34a438b245da73dfd92057457/duckdb-0.8.0-cp311-cp311-macosx_11_0_arm64.whl", hash = "sha256:75a97c800271b52dd0f37696d074c50576dcb4b2750b6115932a98696a268070"},
    {url = "https://files.pythonhosted.org/packages/9e/61/2b2fdd462b799ead576dca38adb4af4e8e0bde52733b4c2a6fa651dcf86c/duckdb-0.8.0-cp36-cp36m-win_amd64.whl", hash = "sha256:022ebda86d0e3204cdc206e4af45aa9f0ae0668b34c2c68cf88e08355af4a372"},
    {url = "https://files.pythonhosted.org/packages/a1/3d/ce7f8db911acae5d5efc49c0e469902ec0780c0ff0a454efbff046edead4/duckdb-0.8.0-cp38-cp38-manylinux_2_17_x86_64.manylinux2014_x86_64.whl", hash = "sha256:cb58f6505cc0f34b4e976154302d26563d2e5d16b206758daaa04b65e55d9dd8"},
    {url = "https://files.pythonhosted.org/packages/a7/6d/b02d4ec40d7af12643b6bd1348fbac59fe2fd03921d78d5df2daa4c55f67/duckdb-0.8.0-cp310-cp310-win_amd64.whl", hash = "sha256:cb00800f2e1e865584b13221e0121fce9341bb3a39a93e569d563eaed281f528"},
    {url = "https://files.pythonhosted.org/packages/a9/24/a89f234f0e9e1912f1458b2660d2cf988244f54de3c45210007f6b0a7813/duckdb-0.8.0-cp311-cp311-musllinux_1_1_x86_64.whl", hash = "sha256:7c8dc769aaf2be0a1c57995ca657e5b92c1c56fc8437edb720ca6cab571adf14"},
    {url = "https://files.pythonhosted.org/packages/ad/ad/2485b37113bfae2cda70e8b042c8c95f938054c8f4e9fe4a0d89734d5504/duckdb-0.8.0-cp39-cp39-musllinux_1_1_x86_64.whl", hash = "sha256:8d145c6d51e55743c3ed1a74cffa109d9e72f82b07e203b436cfa453c925313a"},
    {url = "https://files.pythonhosted.org/packages/b1/9f/4622e3316885b65b9a32d35a6c9d2786e9fe2c1adf57c1e7090595f71a17/duckdb-0.8.0-cp37-cp37m-manylinux_2_17_x86_64.manylinux2014_x86_64.whl", hash = "sha256:424acbd6e857531b06448d757d7c2557938dbddbff0632092090efbf413b4699"},
    {url = "https://files.pythonhosted.org/packages/b5/bc/73ab8e60e3e7c259558599605e66e8c27d4c20d39d5d31bf141b97951771/duckdb-0.8.0-cp39-cp39-musllinux_1_1_i686.whl", hash = "sha256:8549d6a6bf5f00c012b6916f605416226507e733a3ffc57451682afd6e674d1b"},
    {url = "https://files.pythonhosted.org/packages/b9/d0/c1bf52109ef149b060c1f8776eb066bfebcf0ee46815732453f39354656c/duckdb-0.8.0-cp311-cp311-win_amd64.whl", hash = "sha256:0c392257547c20794c3072fcbca99a49ef0a49974005d755e93893e2b4875267"},
    {url = "https://files.pythonhosted.org/packages/bd/9f/8dcd91b6788d6f56afc18a3901f34db60308b3301745a790a991a291df2c/duckdb-0.8.0-cp38-cp38-macosx_10_9_x86_64.whl", hash = "sha256:fcc338399175be3d43366576600aef7d72e82114d415992a7a95aded98a0f3fd"},
    {url = "https://files.pythonhosted.org/packages/ca/d3/8c3c3325ceceb1d099a1861c6b030819ce3855704c045f490ca781c3c97a/duckdb-0.8.0-cp39-cp39-macosx_10_9_universal2.whl", hash = "sha256:50a31ec237ed619e50f9ab79eb0ec5111eb9697d4475da6e0ab22c08495ce26b"},
    {url = "https://files.pythonhosted.org/packages/d4/5e/d6ad348bcd31f2d2b4e46eb3e47e078da9e7943390edbd2daa03e0fc3ad5/duckdb-0.8.0-cp38-cp38-musllinux_1_1_x86_64.whl", hash = "sha256:c2a4f5ee913ca8a6a069c78f8944b9934ffdbc71fd935f9576fdcea2a6f476f1"},
    {url = "https://files.pythonhosted.org/packages/d6/78/ef578a933ad0d6379fca9188e8200e8a3ece6314a7b870dcf82fe419d995/duckdb-0.8.0-cp39-cp39-manylinux_2_17_i686.manylinux2014_i686.whl", hash = "sha256:2b82617f0e7f9fc080eda217090d82b42d4fad083bc9f6d58dfda9cecb7e3b29"},
    {url = "https://files.pythonhosted.org/packages/da/18/e811563f50c775826205d3e2a05d350f5b805a08e06da74f3fff00de445c/duckdb-0.8.0-cp311-cp311-macosx_10_9_universal2.whl", hash = "sha256:b2707096d6df4321044fcde2c9f04da632d11a8be60957fd09d49a42fae71a29"},
    {url = "https://files.pythonhosted.org/packages/da/ab/f02f52095f80c22d0d82493fc1c49af64acff5410922b331302f0f30252a/duckdb-0.8.0-cp38-cp38-musllinux_1_1_i686.whl", hash = "sha256:ef37ac7880100c4b3f913c8483a29a13f8289313b9a07df019fadfa8e7427544"},
    {url = "https://files.pythonhosted.org/packages/db/59/b17b84d5857f89e742f8a01efea23b5ae2acb6f5e939703b49e189e7584e/duckdb-0.8.0-cp37-cp37m-macosx_10_9_x86_64.whl", hash = "sha256:96a31c0f3f4ccbf0f5b18f94319f37691205d82f80aae48c6fe04860d743eb2c"},
    {url = "https://files.pythonhosted.org/packages/de/b1/07e886441af92e656611815a51623fc548d4be4368fb4548dc55e382778e/duckdb-0.8.0-cp39-cp39-win_amd64.whl", hash = "sha256:d0f0f104d30418808bafbe9bccdcd238588a07bd246b3cff13842d60bfd8e8ba"},
    {url = "https://files.pythonhosted.org/packages/e9/39/7b0d3932deead2df7fce1e13cfd4971c27d88a40201192a29223b3f01ec6/duckdb-0.8.0-cp310-cp310-macosx_11_0_arm64.whl", hash = "sha256:6132e8183ca3ae08a593e43c97cb189794077dedd48546e27ce43bd6a51a9c33"},
    {url = "https://files.pythonhosted.org/packages/f6/ce/8fdffbf43a729cb317ffc273a9eb5c28f2792e75322eb8ac10de129e4c5c/duckdb-0.8.0-cp311-cp311-macosx_10_9_x86_64.whl", hash = "sha256:b27df1b70ae74d2c88efb5ffca8490954fdc678099509a9c4404ca30acc53426"},
    {url = "https://files.pythonhosted.org/packages/fd/e3/8f5e77b0b9ed7bfd89e88555ba093a4f2b2df8fbed5f5975682b7eeeba69/duckdb-0.8.0-cp36-cp36m-macosx_10_9_x86_64.whl", hash = "sha256:2832379e122020814dbe869af7b9ddf3c9f21474cf345531145b099c63ffe17e"},
]
"numpy 1.24.3" = [
    {url = "https://files.pythonhosted.org/packages/0d/43/643629a4a278b4815541c7d69856c07ddb0e99bdc62b43538d3751eae2d8/numpy-1.24.3-cp39-cp39-macosx_10_9_x86_64.whl", hash = "sha256:4719d5aefb5189f50887773699eaf94e7d1e02bf36c1a9d353d9f46703758ca4"},
    {url = "https://files.pythonhosted.org/packages/15/b8/cbe1750b9ec78062e5a00ef39ff8bdf189ce753b411b6b35931ababaee47/numpy-1.24.3-pp38-pypy38_pp73-win_amd64.whl", hash = "sha256:35400e6a8d102fd07c71ed7dcadd9eb62ee9a6e84ec159bd48c28235bbb0f8e4"},
    {url = "https://files.pythonhosted.org/packages/1a/62/af7e78a12207608b23e3b2e248fc823fbef75f17d5defc8a127c5661daca/numpy-1.24.3-cp38-cp38-win_amd64.whl", hash = "sha256:56e48aec79ae238f6e4395886b5eaed058abb7231fb3361ddd7bfdf4eed54289"},
    {url = "https://files.pythonhosted.org/packages/2c/d4/590ae7df5044465cc9fa2db152ae12468694d62d952b1528ecff328ef7fc/numpy-1.24.3.tar.gz", hash = "sha256:ab344f1bf21f140adab8e47fdbc7c35a477dc01408791f8ba00d018dd0bc5155"},
    {url = "https://files.pythonhosted.org/packages/53/f7/bf6e2b973c6d6a4c60f722dd95322d4997b4999347d67c5c74a4042a07b7/numpy-1.24.3-cp38-cp38-win32.whl", hash = "sha256:d933fabd8f6a319e8530d0de4fcc2e6a61917e0b0c271fded460032db42a0fe4"},
    {url = "https://files.pythonhosted.org/packages/54/41/fb17c1d48a574c50422ff3f1b17ed979b755adc6ed291c4a44a76e226c67/numpy-1.24.3-cp39-cp39-macosx_11_0_arm64.whl", hash = "sha256:0ec87a7084caa559c36e0a2309e4ecb1baa03b687201d0a847c8b0ed476a7187"},
    {url = "https://files.pythonhosted.org/packages/5a/ab/d0eff89e0c05cc86fa7955c5e54e8ed0957a8a97a2516384b9ffd82008cc/numpy-1.24.3-pp38-pypy38_pp73-macosx_10_9_x86_64.whl", hash = "sha256:352ee00c7f8387b44d19f4cada524586f07379c0d49270f87233983bc5087ca0"},
    {url = "https://files.pythonhosted.org/packages/62/e4/cd77d5f3d02c30d9ca8f2995df3cb3974c75cf1cc777fad445753475c4e4/numpy-1.24.3-cp310-cp310-manylinux_2_17_aarch64.manylinux2014_aarch64.whl", hash = "sha256:8535303847b89aa6b0f00aa1dc62867b5a32923e4d1681a35b5eef2d9591a463"},
    {url = "https://files.pythonhosted.org/packages/65/5d/46da284b0bf6cfbf04082c3c5e84399664d69e41c11a33587ad49b0c64e5/numpy-1.24.3-cp310-cp310-win_amd64.whl", hash = "sha256:ab5f23af8c16022663a652d3b25dcdc272ac3f83c3af4c02eb8b824e6b3ab9d7"},
    {url = "https://files.pythonhosted.org/packages/6f/72/38f9a536bdb5bfb1682f2520f133ec6e08dde8bcca1f632e347641d90763/numpy-1.24.3-cp310-cp310-manylinux_2_17_x86_64.manylinux2014_x86_64.whl", hash = "sha256:2d926b52ba1367f9acb76b0df6ed21f0b16a1ad87c6720a1121674e5cf63e2b6"},
    {url = "https://files.pythonhosted.org/packages/72/eb/9c77bbc4d2b4ca17ef253621794a2d42897d896f86cd493db3eabe1a7d25/numpy-1.24.3-cp311-cp311-manylinux_2_17_aarch64.manylinux2014_aarch64.whl", hash = "sha256:76e3f4e85fc5d4fd311f6e9b794d0c00e7002ec122be271f2019d63376f1d385"},
    {url = "https://files.pythonhosted.org/packages/76/7c/cfb8ac4925defbe222aec15ac6b42b2a3d9bab7c9d13a2e767f534b35c2e/numpy-1.24.3-cp39-cp39-win_amd64.whl", hash = "sha256:d5036197ecae68d7f491fcdb4df90082b0d4960ca6599ba2659957aafced7c17"},
    {url = "https://files.pythonhosted.org/packages/79/4a/63a79242763edde0b5025d104cc2b78c44d89310b1bbc9b0f64a96b72ea0/numpy-1.24.3-cp38-cp38-macosx_10_9_x86_64.whl", hash = "sha256:7776ea65423ca6a15255ba1872d82d207bd1e09f6d0894ee4a64678dd2204078"},
    {url = "https://files.pythonhosted.org/packages/82/19/321d369ede7458500f59151101470129d14f3b6768bb9b99bb7156f526b5/numpy-1.24.3-cp311-cp311-manylinux_2_17_x86_64.manylinux2014_x86_64.whl", hash = "sha256:a1d3c026f57ceaad42f8231305d4653d5f05dc6332a730ae5c0bea3513de0950"},
    {url = "https://files.pythonhosted.org/packages/83/be/de078ac5e4ff572b1bdac1808b77cea2013b2c6286282f89b1de3e951273/numpy-1.24.3-cp39-cp39-manylinux_2_17_x86_64.manylinux2014_x86_64.whl", hash = "sha256:210461d87fb02a84ef243cac5e814aad2b7f4be953b32cb53327bb49fd77fbb4"},
    {url = "https://files.pythonhosted.org/packages/89/e3/e2f478b2ff131e7c3171044a87e74df61db4b67fbcb90be479c07a44d0a7/numpy-1.24.3-cp310-cp310-win32.whl", hash = "sha256:f21c442fdd2805e91799fbe044a7b999b8571bb0ab0f7850d0cb9641a687092b"},
    {url = "https://files.pythonhosted.org/packages/8b/d9/814a619ab84d8eb0d95e08d4c723e665f1e694b5a6068ca505a61bdc3745/numpy-1.24.3-cp38-cp38-manylinux_2_17_x86_64.manylinux2014_x86_64.whl", hash = "sha256:4749e053a29364d3452c034827102ee100986903263e89884922ef01a0a6fd2f"},
    {url = "https://files.pythonhosted.org/packages/94/84/ed45416c8319c02348a5812d5647796a0833e3fb5576d01758f2a72e9200/numpy-1.24.3-cp311-cp311-win32.whl", hash = "sha256:c91c4afd8abc3908e00a44b2672718905b8611503f7ff87390cc0ac3423fb096"},
    {url = "https://files.pythonhosted.org/packages/96/92/2a8c1356e226311cf885e04eff576df8c357b2626c47c9283024bc24e01e/numpy-1.24.3-cp39-cp39-manylinux_2_17_aarch64.manylinux2014_aarch64.whl", hash = "sha256:ea8282b9bcfe2b5e7d491d0bf7f3e2da29700cec05b49e64d6246923329f2b02"},
    {url = "https://files.pythonhosted.org/packages/a7/fe/72493149c65dcd39d8c8dc09870e242bd689d1db2bde3ec479807bf0d414/numpy-1.24.3-cp38-cp38-manylinux_2_17_aarch64.manylinux2014_aarch64.whl", hash = "sha256:ecde0f8adef7dfdec993fd54b0f78183051b6580f606111a6d789cd14c61ea0c"},
    {url = "https://files.pythonhosted.org/packages/ca/13/c5bc0100b425f007412c3ba5d71e5ae9c08260fecbffd620764a9df1f4de/numpy-1.24.3-cp38-cp38-macosx_11_0_arm64.whl", hash = "sha256:ae8d0be48d1b6ed82588934aaaa179875e7dc4f3d84da18d7eae6eb3f06c242c"},
    {url = "https://files.pythonhosted.org/packages/d5/d6/07b37e7fecad7d158aabb4782a1b941e10afe8b80ec24cd64285a5bbb81b/numpy-1.24.3-cp39-cp39-win32.whl", hash = "sha256:784c6da1a07818491b0ffd63c6bbe5a33deaa0e25a20e1b3ea20cf0e43f8046c"},
    {url = "https://files.pythonhosted.org/packages/eb/10/2c3c672034d860bcca50b65d656e24c4e2ace9fb452fdd81da78cb7418a1/numpy-1.24.3-pp38-pypy38_pp73-manylinux_2_17_x86_64.manylinux2014_x86_64.whl", hash = "sha256:1a7d6acc2e7524c9955e5c903160aa4ea083736fde7e91276b0e5d98e6332812"},
    {url = "https://files.pythonhosted.org/packages/ec/7d/f69c47ea3db0cd8ca444aec241a80b538eb176ae756820489a9d2946ec8c/numpy-1.24.3-cp311-cp311-macosx_10_9_x86_64.whl", hash = "sha256:9a7721ec204d3a237225db3e194c25268faf92e19338a35f3a224469cb6039a3"},
    {url = "https://files.pythonhosted.org/packages/ee/6c/7217a8844dfe22e349bccbecd35571fa72c5d7fe8b33d8c5540e8cc2535c/numpy-1.24.3-cp311-cp311-macosx_11_0_arm64.whl", hash = "sha256:d6cc757de514c00b24ae8cf5c876af2a7c3df189028d68c0cb4eaa9cd5afc2bf"},
    {url = "https://files.pythonhosted.org/packages/f0/e8/1ea9adebdccaadfc208c7517e09f5145ed5a73069779ff436393085d47a2/numpy-1.24.3-cp311-cp311-win_amd64.whl", hash = "sha256:5342cf6aad47943286afa6f1609cad9b4266a05e7f2ec408e2cf7aea7ff69d80"},
    {url = "https://files.pythonhosted.org/packages/f3/23/7cc851bae09cf4db90d42a701dfe525780883ada86bece45e3da7a07e76b/numpy-1.24.3-cp310-cp310-macosx_10_9_x86_64.whl", hash = "sha256:3c1104d3c036fb81ab923f507536daedc718d0ad5a8707c6061cdfd6d184e570"},
    {url = "https://files.pythonhosted.org/packages/fa/7d/8dfb40eecbb6bc83ca00ef979f5cdeca5909a250cb8b642dcf1fbd34c078/numpy-1.24.3-cp310-cp310-macosx_11_0_arm64.whl", hash = "sha256:202de8f38fc4a45a3eea4b63e2f376e5f2dc64ef0fa692838e31a808520efaf7"},
]
"pyarrow 12.0.0" = [
    {url = "https://files.pythonhosted.org/packages/00/84/fed890cb7d4b40004610aa312d712d396da46ffcf9e48df0083b63556748/pyarrow-12.0.0-cp38-cp38-macosx_11_0_arm64.whl", hash = "sha256:7b5b9f60d9ef756db59bec8d90e4576b7df57861e6a3d6a8bf99538f68ca15b3"},
    {url = "https://files.pythonhosted.org/packages/08/c1/c0f88d03b7916bf069d660975ac625449c8d7ea13561ed8bf9db371260b5/pyarrow-12.0.0-cp311-cp311-manylinux_2_17_aarch64.manylinux2014_aarch64.whl", hash = "sha256:280289ebfd4ac3570f6b776515baa01e4dcbf17122c401e4b7170a27c4be63fd"},
    {url = "https://files.pythonhosted.org/packages/0d/e4/a051bccf3f1580e9d654120e0bdf048f53c9e74f5de9f65f926804223743/pyarrow-12.0.0-cp38-cp38-manylinux_2_17_x86_64.manylinux2014_x86_64.whl", hash = "sha256:5b0810864a593b89877120972d1f7af1d1c9389876dbed92b962ed81492d3ffc"},
    {url = "https://files.pythonhosted.org/packages/1a/a5/ccd7a5bb463ee0b8987f879a5ea542f711cda070351943445813cf7ec472/pyarrow-12.0.0-cp37-cp37m-win_amd64.whl", hash = "sha256:e6be4d85707fc8e7a221c8ab86a40449ce62559ce25c94321df7c8500245888f"},
    {url = "https://files.pythonhosted.org/packages/21/68/c9ee59caec452530d32bb43104206ce1387d050adad05ee599616425ee7d/pyarrow-12.0.0-cp310-cp310-manylinux_2_17_x86_64.manylinux2014_x86_64.whl", hash = "sha256:1b50bb9a82dca38a002d7cbd802a16b1af0f8c50ed2ec94a319f5f2afc047ee9"},
    {url = "https://files.pythonhosted.org/packages/28/fc/6311af1f65ea420846a79d68410953527ef44fd751ec5bc1b460546a77ff/pyarrow-12.0.0-cp311-cp311-win_amd64.whl", hash = "sha256:0846ace49998825eda4722f8d7f83fa05601c832549c9087ea49d6d5397d8cec"},
    {url = "https://files.pythonhosted.org/packages/2b/88/e1a181799ace13a81c7c28a70fccb015ee0589c2298199b2941fd6dd123b/pyarrow-12.0.0-cp39-cp39-win_amd64.whl", hash = "sha256:0e36425b1c1cbf5447718b3f1751bf86c58f2b3ad299f996cd9b1aa040967656"},
    {url = "https://files.pythonhosted.org/packages/3c/5d/0c3d8c8cfe53126fd2f79748da254ae05c99b2b563bfc27a9f5c34e48764/pyarrow-12.0.0-cp39-cp39-macosx_11_0_arm64.whl", hash = "sha256:d8c26912607e26c2991826bbaf3cf2b9c8c3e17566598c193b492f058b40d3a4"},
    {url = "https://files.pythonhosted.org/packages/3f/03/0de5b9440c1724eaeb3f9eba6e7a222e673d31ed4ea7ae6f98c97415efd0/pyarrow-12.0.0-cp310-cp310-manylinux_2_17_aarch64.manylinux2014_aarch64.whl", hash = "sha256:1d568acfca3faa565d663e53ee34173be8e23a95f78f2abfdad198010ec8f745"},
    {url = "https://files.pythonhosted.org/packages/42/88/4605638f7d77763fbc15dd58b8fae58fa3e12b3c5f88511703488b951611/pyarrow-12.0.0-cp37-cp37m-macosx_10_14_x86_64.whl", hash = "sha256:993287136369aca60005ee7d64130f9466489c4f7425f5c284315b0a5401ccd9"},
    {url = "https://files.pythonhosted.org/packages/4b/fa/a63a021de7e672c5287d4bea4a5493729b266959663e0f4c7ce5059dd0fc/pyarrow-12.0.0-cp310-cp310-win_amd64.whl", hash = "sha256:3d1733b1ea086b3c101427d0e57e2be3eb964686e83c2363862a887bb5c41fa8"},
    {url = "https://files.pythonhosted.org/packages/4c/97/a6c12eacf14e308c4b02ea6c071c18c354d11e87f61753b0b1f0aee33288/pyarrow-12.0.0-cp37-cp37m-manylinux_2_17_x86_64.manylinux2014_x86_64.whl", hash = "sha256:a1c4fce253d5bdc8d62f11cfa3da5b0b34b562c04ce84abb8bd7447e63c2b327"},
    {url = "https://files.pythonhosted.org/packages/5b/41/121b36e346767b2760ca96df824c622b8c9642132202962e5354fdb12670/pyarrow-12.0.0-cp39-cp39-manylinux_2_17_x86_64.manylinux2014_x86_64.whl", hash = "sha256:2466be046b81863be24db370dffd30a2e7894b4f9823fb60ef0a733c31ac6256"},
    {url = "https://files.pythonhosted.org/packages/5c/76/7eed3d792d675a081022e064bdeac6f669a5525e19cd4c6c16510af302dd/pyarrow-12.0.0-cp311-cp311-manylinux_2_17_x86_64.manylinux2014_x86_64.whl", hash = "sha256:272f147d4f8387bec95f17bb58dcfc7bc7278bb93e01cb7b08a0e93a8921e18e"},
    {url = "https://files.pythonhosted.org/packages/60/01/d5281d39f04936a90353ed6c7a5ed67d27dee31ab830bde77609bc83d0c3/pyarrow-12.0.0-cp310-cp310-macosx_11_0_arm64.whl", hash = "sha256:bc4ea634dacb03936f50fcf59574a8e727f90c17c24527e488d8ceb52ae284de"},
    {url = "https://files.pythonhosted.org/packages/67/5e/4666533b237e93cf95260af379ca0e2d3b41615b358dc78e8ad92dac41ae/pyarrow-12.0.0-cp39-cp39-manylinux_2_17_aarch64.manylinux2014_aarch64.whl", hash = "sha256:0d8b90efc290e99a81d06015f3a46601c259ecc81ffb6d8ce288c91bd1b868c9"},
    {url = "https://files.pythonhosted.org/packages/75/52/c8593ecdfc2dcb61b729c8f547fa5316c8f4eff0dbec2d34c9ae45e9949e/pyarrow-12.0.0-cp311-cp311-macosx_11_0_arm64.whl", hash = "sha256:92fb031e6777847f5c9b01eaa5aa0c9033e853ee80117dce895f116d8b0c3ca3"},
    {url = "https://files.pythonhosted.org/packages/98/52/ccf4f4c6f70fcd67767faaf23db3cbc5f766af9c4aeaf3961adfbf22f126/pyarrow-12.0.0.tar.gz", hash = "sha256:19c812d303610ab5d664b7b1de4051ae23565f9f94d04cbea9e50569746ae1ee"},
    {url = "https://files.pythonhosted.org/packages/9b/bd/39f9deacff5434ce0ce658cbe62bbb4ab7e2770c3e6bfcd20f4b4771b89b/pyarrow-12.0.0-cp39-cp39-macosx_10_14_x86_64.whl", hash = "sha256:2cc63e746221cddb9001f7281dee95fd658085dd5b717b076950e1ccc607059c"},
    {url = "https://files.pythonhosted.org/packages/bc/5d/88c7fe14b0f7ad6ede9c93718f857c08a254a12a50d2f0cfc29aed706787/pyarrow-12.0.0-cp38-cp38-win_amd64.whl", hash = "sha256:23a77d97f4d101ddfe81b9c2ee03a177f0e590a7e68af15eafa06e8f3cf05976"},
    {url = "https://files.pythonhosted.org/packages/c1/38/788b7066527829f694e2c2c50f4a631c59a52ab5f12b396c4c121dec7d1a/pyarrow-12.0.0-cp37-cp37m-manylinux_2_17_aarch64.manylinux2014_aarch64.whl", hash = "sha256:7a7b6a765ee4f88efd7d8348d9a1f804487d60799d0428b6ddf3344eaef37282"},
    {url = "https://files.pythonhosted.org/packages/f3/33/171d8084432b838266f000e958643f8d1d0457e88985c89ba8dae016c9b9/pyarrow-12.0.0-cp38-cp38-macosx_10_14_x86_64.whl", hash = "sha256:ea830d9f66bfb82d30b5794642f83dd0e4a718846462d22328981e9eb149cba8"},
    {url = "https://files.pythonhosted.org/packages/fb/73/8520fc3168e71d98b0b9a7e276056f1a6ee65047733be1b8dd495d7aca49/pyarrow-12.0.0-cp38-cp38-manylinux_2_17_aarch64.manylinux2014_aarch64.whl", hash = "sha256:b99e559d27db36ad3a33868a475f03e3129430fc065accc839ef4daa12c6dab6"},
    {url = "https://files.pythonhosted.org/packages/fe/05/b66d098211abbbca2c453731e6f05bbc75632728778e7c2b0171d6ab43be/pyarrow-12.0.0-cp311-cp311-macosx_10_14_x86_64.whl", hash = "sha256:a7cd32fe77f967fe08228bc100433273020e58dd6caced12627bcc0a7675a513"},
    {url = "https://files.pythonhosted.org/packages/ff/4d/34422782a52590b05e1a032a47d09d3c4469bd98789d83498a587bef9613/pyarrow-12.0.0-cp310-cp310-macosx_10_14_x86_64.whl", hash = "sha256:3b97649c8a9a09e1d8dc76513054f1331bd9ece78ee39365e6bf6bc7503c1e94"},
]
